{
  "version": 4,
  "terraform_version": "1.13.1",
  "serial": 15,
  "lineage": "296868e0-a349-cdc5-36de-71ae335b210c",
  "outputs": {},
  "resources": [
    {
      "module": "module.nginx_app_v1",
      "mode": "managed",
      "type": "docker_container",
      "name": "app_container",
      "provider": "module.nginx_app_v1.provider[\"registry.terraform.io/kreuzwerker/docker\"]",
      "instances": [
        {
          "schema_version": 2,
          "attributes": {
            "attach": false,
            "bridge": "",
            "capabilities": [],
            "cgroupns_mode": null,
            "command": [
              "nginx",
              "-g",
              "daemon off;"
            ],
            "container_logs": null,
            "container_read_refresh_timeout_milliseconds": 15000,
            "cpu_set": "",
            "cpu_shares": 0,
            "destroy_grace_seconds": null,
            "devices": [],
            "dns": null,
            "dns_opts": null,
            "dns_search": null,
            "domainname": "",
            "entrypoint": [
              "/docker-entrypoint.sh"
            ],
            "env": [],
            "exit_code": null,
            "gpus": null,
            "group_add": null,
            "healthcheck": null,
            "host": [],
            "hostname": "6295478ba102",
            "id": "6295478ba102b12d8dce866f341f935608dc27acd0c47a1e29815ee7fc44a5f9",
            "image": "sha256:20e2c93415da7b1324fb0c0550305cadc3627936204e1c82cfd1b54a0b30323f",
            "init": false,
            "ipc_mode": "private",
            "labels": [],
            "log_driver": "json-file",
            "log_opts": null,
            "logs": false,
            "max_retry_count": 0,
            "memory": 0,
            "memory_swap": 0,
            "mounts": [],
            "must_run": true,
            "name": "test-nginx-app1",
            "network_data": [
              {
                "gateway": "172.17.0.1",
                "global_ipv6_address": "",
                "global_ipv6_prefix_length": 0,
                "ip_address": "172.17.0.3",
                "ip_prefix_length": 16,
                "ipv6_gateway": "",
                "mac_address": "5a:f7:7a:3a:99:dd",
                "network_name": "bridge"
              }
            ],
            "network_mode": "bridge",
            "networks_advanced": [],
            "pid_mode": "",
            "ports": [
              {
                "external": 18080,
                "internal": 18080,
                "ip": "0.0.0.0",
                "protocol": "tcp"
              }
            ],
            "privileged": false,
            "publish_all_ports": false,
            "read_only": false,
            "remove_volumes": true,
            "restart": "always",
            "rm": false,
            "runtime": "runc",
            "security_opts": [],
            "shm_size": 64,
            "start": true,
            "stdin_open": false,
            "stop_signal": "SIGQUIT",
            "stop_timeout": 0,
            "storage_opts": null,
            "sysctls": null,
            "tmpfs": null,
            "tty": false,
            "ulimit": [],
            "upload": [],
            "user": "",
            "userns_mode": "",
            "volumes": [],
            "wait": false,
            "wait_timeout": 60,
            "working_dir": ""
          },
          "sensitive_attributes": [],
          "identity_schema_version": 0,
          "private": "eyJzY2hlbWFfdmVyc2lvbiI6IjIifQ==",
          "dependencies": [
            "module.nginx_app_v1.docker_image.app_image",
            "module.nginx_app_v1.null_resource.tar_nginx"
          ]
        }
      ]
    },
    {
      "module": "module.nginx_app_v1",
      "mode": "managed",
      "type": "docker_image",
      "name": "app_image",
      "provider": "module.nginx_app_v1.provider[\"registry.terraform.io/kreuzwerker/docker\"]",
      "instances": [
        {
          "schema_version": 0,
          "attributes": {
            "build": [
              {
                "auth_config": [],
                "build_arg": null,
                "build_args": null,
                "build_id": "",
                "cache_from": [],
                "cgroup_parent": "",
                "context": "./test-nginx-app1",
                "cpu_period": null,
                "cpu_quota": null,
                "cpu_set_cpus": "",
                "cpu_set_mems": "",
                "cpu_shares": null,
                "dockerfile": "Dockerfile",
                "extra_hosts": [],
                "force_remove": null,
                "isolation": "",
                "label": null,
                "labels": null,
                "memory": null,
                "memory_swap": null,
                "network_mode": "",
                "no_cache": null,
                "platform": "",
                "pull_parent": null,
                "remote_context": "",
                "remove": true,
                "security_opt": [],
                "session_id": "",
                "shm_size": null,
                "squash": null,
                "suppress_output": null,
                "tag": [],
                "target": "",
                "ulimit": [],
                "version": ""
              }
            ],
            "force_remove": null,
            "id": "sha256:20e2c93415da7b1324fb0c0550305cadc3627936204e1c82cfd1b54a0b30323ftest-nginx-app1:0.0.1",
            "image_id": "sha256:20e2c93415da7b1324fb0c0550305cadc3627936204e1c82cfd1b54a0b30323f",
            "keep_locally": true,
            "name": "test-nginx-app1:0.0.1",
            "platform": null,
            "pull_triggers": null,
            "repo_digest": "test-nginx-app1@sha256:20e2c93415da7b1324fb0c0550305cadc3627936204e1c82cfd1b54a0b30323f",
            "triggers": null
          },
          "sensitive_attributes": [],
          "identity_schema_version": 0,
          "private": "bnVsbA==",
          "dependencies": [
            "module.nginx_app_v1.null_resource.tar_nginx"
          ]
        }
      ]
    },
    {
      "module": "module.nginx_app_v1",
      "mode": "managed",
      "type": "null_resource",
      "name": "tar_nginx",
      "provider": "provider[\"registry.terraform.io/hashicorp/null\"]",
      "instances": [
        {
          "schema_version": 0,
          "attributes": {
            "id": "5456395163596457868",
            "triggers": {
              "dir_hash": "b97abc328a23669768b93ebc8d966fdb7c623365a3bfc59fa8f0ea05cdb85736",
              "tar_missing": "missing"
            }
          },
          "sensitive_attributes": [],
          "identity_schema_version": 0
        }
      ]
    },
    {
      "module": "module.nginx_app_v2",
      "mode": "managed",
      "type": "docker_container",
      "name": "app_container",
      "provider": "module.nginx_app_v2.provider[\"registry.terraform.io/kreuzwerker/docker\"]",
      "instances": [
        {
          "schema_version": 2,
          "attributes": {
            "attach": false,
            "bridge": "",
            "capabilities": [],
            "cgroupns_mode": null,
            "command": [
              "nginx",
              "-g",
              "daemon off;"
            ],
            "container_logs": null,
            "container_read_refresh_timeout_milliseconds": 15000,
            "cpu_set": "",
            "cpu_shares": 0,
            "destroy_grace_seconds": null,
            "devices": [],
            "dns": null,
            "dns_opts": null,
            "dns_search": null,
            "domainname": "",
            "entrypoint": [
              "/docker-entrypoint.sh"
            ],
            "env": [],
            "exit_code": null,
            "gpus": null,
            "group_add": null,
            "healthcheck": null,
            "host": [],
            "hostname": "27edcf4092d3",
            "id": "27edcf4092d3145a21b4acea5e8374f0328d4c59121ecee3cac9370d55a773ec",
            "image": "sha256:4d1f7ab4f8be837b48072c95f3fa478a7e8354831604032601b4560d697086a6",
            "init": false,
            "ipc_mode": "private",
            "labels": [],
            "log_driver": "json-file",
            "log_opts": null,
            "logs": false,
            "max_retry_count": 0,
            "memory": 0,
            "memory_swap": 0,
            "mounts": [],
            "must_run": true,
            "name": "test-nginx-app2",
            "network_data": [
              {
                "gateway": "172.17.0.1",
                "global_ipv6_address": "",
                "global_ipv6_prefix_length": 0,
                "ip_address": "172.17.0.2",
                "ip_prefix_length": 16,
                "ipv6_gateway": "",
                "mac_address": "26:06:2c:4f:73:52",
                "network_name": "bridge"
              }
            ],
            "network_mode": "bridge",
            "networks_advanced": [],
            "pid_mode": "",
            "ports": [
              {
                "external": 18181,
                "internal": 18181,
                "ip": "0.0.0.0",
                "protocol": "tcp"
              }
            ],
            "privileged": false,
            "publish_all_ports": false,
            "read_only": false,
            "remove_volumes": true,
            "restart": "always",
            "rm": false,
            "runtime": "runc",
            "security_opts": [],
            "shm_size": 64,
            "start": true,
            "stdin_open": false,
            "stop_signal": "SIGQUIT",
            "stop_timeout": 0,
            "storage_opts": null,
            "sysctls": null,
            "tmpfs": null,
            "tty": false,
            "ulimit": [],
            "upload": [],
            "user": "",
            "userns_mode": "",
            "volumes": [],
            "wait": false,
            "wait_timeout": 60,
            "working_dir": ""
          },
          "sensitive_attributes": [],
          "identity_schema_version": 0,
          "private": "eyJzY2hlbWFfdmVyc2lvbiI6IjIifQ==",
          "dependencies": [
            "module.nginx_app_v2.docker_image.app_image",
            "module.nginx_app_v2.null_resource.tar_nginx"
          ]
        }
      ]
    },
    {
      "module": "module.nginx_app_v2",
      "mode": "managed",
      "type": "docker_image",
      "name": "app_image",
      "provider": "module.nginx_app_v2.provider[\"registry.terraform.io/kreuzwerker/docker\"]",
      "instances": [
        {
          "schema_version": 0,
          "attributes": {
            "build": [
              {
                "auth_config": [],
                "build_arg": null,
                "build_args": null,
                "build_id": "",
                "cache_from": [],
                "cgroup_parent": "",
                "context": "./test-nginx-app2",
                "cpu_period": null,
                "cpu_quota": null,
                "cpu_set_cpus": "",
                "cpu_set_mems": "",
                "cpu_shares": null,
                "dockerfile": "Dockerfile",
                "extra_hosts": [],
                "force_remove": null,
                "isolation": "",
                "label": null,
                "labels": null,
                "memory": null,
                "memory_swap": null,
                "network_mode": "",
                "no_cache": null,
                "platform": "",
                "pull_parent": null,
                "remote_context": "",
                "remove": true,
                "security_opt": [],
                "session_id": "",
                "shm_size": null,
                "squash": null,
                "suppress_output": null,
                "tag": [],
                "target": "",
                "ulimit": [],
                "version": ""
              }
            ],
            "force_remove": null,
            "id": "sha256:4d1f7ab4f8be837b48072c95f3fa478a7e8354831604032601b4560d697086a6test-nginx-app2:0.0.1",
            "image_id": "sha256:4d1f7ab4f8be837b48072c95f3fa478a7e8354831604032601b4560d697086a6",
            "keep_locally": true,
            "name": "test-nginx-app2:0.0.1",
            "platform": null,
            "pull_triggers": null,
            "repo_digest": "test-nginx-app2@sha256:4d1f7ab4f8be837b48072c95f3fa478a7e8354831604032601b4560d697086a6",
            "triggers": null
          },
          "sensitive_attributes": [],
          "identity_schema_version": 0,
          "private": "bnVsbA==",
          "dependencies": [
            "module.nginx_app_v2.null_resource.tar_nginx"
          ]
        }
      ]
    },
    {
      "module": "module.nginx_app_v2",
      "mode": "managed",
      "type": "null_resource",
      "name": "tar_nginx",
      "provider": "provider[\"registry.terraform.io/hashicorp/null\"]",
      "instances": [
        {
          "schema_version": 0,
          "attributes": {
            "id": "2659849949120920949",
            "triggers": {
              "dir_hash": "711bba5a81c27abf0d08d3aeb829a13fca1676f49f18ec0b0bf40171de4aba2a",
              "tar_missing": "missing"
            }
          },
          "sensitive_attributes": [],
          "identity_schema_version": 0
        }
      ]
    }
  ],
  "check_results": null
}
