{
  "version": 4,
  "terraform_version": "1.13.1",
  "serial": 42,
  "lineage": "a20c54d6-3a07-b268-6c81-37ee18ea96f0",
  "outputs": {},
  "resources": [
    {
      "module": "module.emqx_v1",
      "mode": "managed",
      "type": "docker_container",
      "name": "app_container",
      "provider": "module.emqx_v1.provider[\"registry.terraform.io/kreuzwerker/docker\"]",
      "instances": [
        {
          "schema_version": 2,
          "attributes": {
            "attach": false,
            "bridge": "",
            "capabilities": [],
            "cgroupns_mode": null,
            "command": [
              "/opt/emqx/bin/emqx",
              "foreground"
            ],
            "container_logs": null,
            "container_read_refresh_timeout_milliseconds": 15000,
            "cpu_set": "",
            "cpu_shares": 0,
            "destroy_grace_seconds": null,
            "devices": [],
            "dns": null,
            "dns_opts": null,
            "dns_search": null,
            "domainname": "",
            "entrypoint": [
              "/usr/bin/docker-entrypoint.sh"
            ],
            "env": [],
            "exit_code": null,
            "gpus": null,
            "group_add": null,
            "healthcheck": null,
            "host": [],
            "hostname": "e990aaad6fab",
            "id": "e990aaad6fab0d5f7e46130ebbb565c86cd7d1798370651b6b709124992dae2c",
            "image": "sha256:48731dbc4b77177d0adeca294632229c5f125d83c44d40f2cc715517cc29927e",
            "init": false,
            "ipc_mode": "private",
            "labels": [],
            "log_driver": "json-file",
            "log_opts": null,
            "logs": false,
            "max_retry_count": 0,
            "memory": 0,
            "memory_swap": 0,
            "mounts": [],
            "must_run": true,
            "name": "emqx",
            "network_data": [
              {
                "gateway": "172.17.0.1",
                "global_ipv6_address": "",
                "global_ipv6_prefix_length": 0,
                "ip_address": "172.17.0.6",
                "ip_prefix_length": 16,
                "ipv6_gateway": "",
                "mac_address": "e2:f8:8f:a6:00:55",
                "network_name": "bridge"
              }
            ],
            "network_mode": "bridge",
            "networks_advanced": [],
            "pid_mode": "",
            "ports": [
              {
                "external": 1883,
                "internal": 1883,
                "ip": "0.0.0.0",
                "protocol": "tcp"
              },
              {
                "external": 8083,
                "internal": 8083,
                "ip": "0.0.0.0",
                "protocol": "tcp"
              },
              {
                "external": 8084,
                "internal": 8084,
                "ip": "0.0.0.0",
                "protocol": "tcp"
              },
              {
                "external": 8883,
                "internal": 8883,
                "ip": "0.0.0.0",
                "protocol": "tcp"
              },
              {
                "external": 18083,
                "internal": 18083,
                "ip": "0.0.0.0",
                "protocol": "tcp"
              }
            ],
            "privileged": false,
            "publish_all_ports": false,
            "read_only": false,
            "remove_volumes": true,
            "restart": "always",
            "rm": false,
            "runtime": "runc",
            "security_opts": [],
            "shm_size": 64,
            "start": true,
            "stdin_open": false,
            "stop_signal": "",
            "stop_timeout": 0,
            "storage_opts": null,
            "sysctls": null,
            "tmpfs": null,
            "tty": false,
            "ulimit": [],
            "upload": [],
            "user": "emqx",
            "userns_mode": "",
            "volumes": [],
            "wait": false,
            "wait_timeout": 60,
            "working_dir": "/opt/emqx"
          },
          "sensitive_attributes": [],
          "identity_schema_version": 0,
          "private": "eyJzY2hlbWFfdmVyc2lvbiI6IjIifQ==",
          "dependencies": [
            "module.emqx_v1.docker_image.app_image"
          ]
        }
      ]
    },
    {
      "module": "module.emqx_v1",
      "mode": "managed",
      "type": "docker_image",
      "name": "app_image",
      "provider": "module.emqx_v1.provider[\"registry.terraform.io/kreuzwerker/docker\"]",
      "instances": [
        {
          "schema_version": 0,
          "attributes": {
            "build": [
              {
                "auth_config": [],
                "build_arg": {},
                "build_args": {},
                "build_id": "",
                "cache_from": [],
                "cgroup_parent": "",
                "context": "./emqx",
                "cpu_period": 0,
                "cpu_quota": 0,
                "cpu_set_cpus": "",
                "cpu_set_mems": "",
                "cpu_shares": 0,
                "dockerfile": "Dockerfile",
                "extra_hosts": [],
                "force_remove": false,
                "isolation": "",
                "label": {},
                "labels": {},
                "memory": 0,
                "memory_swap": 0,
                "network_mode": "",
                "no_cache": false,
                "platform": "",
                "pull_parent": false,
                "remote_context": "",
                "remove": true,
                "security_opt": [],
                "session_id": "",
                "shm_size": 0,
                "squash": false,
                "suppress_output": false,
                "tag": [],
                "target": "",
                "ulimit": [],
                "version": ""
              }
            ],
            "force_remove": null,
            "id": "sha256:48731dbc4b77177d0adeca294632229c5f125d83c44d40f2cc715517cc29927eemqx:0.0.1",
            "image_id": "sha256:48731dbc4b77177d0adeca294632229c5f125d83c44d40f2cc715517cc29927e",
            "keep_locally": true,
            "name": "emqx:0.0.1",
            "platform": null,
            "pull_triggers": null,
            "repo_digest": "emqx@sha256:48731dbc4b77177d0adeca294632229c5f125d83c44d40f2cc715517cc29927e",
            "triggers": null
          },
          "sensitive_attributes": [],
          "identity_schema_version": 0,
          "private": "bnVsbA=="
        }
      ]
    }
  ],
  "check_results": null
}
